
Microsoft Visual Studio Solution File, Format Version 11.00
# Visual Studio 2010
Project("{FAE04EC0-301F-11D3-BF4B-00C04F79EFBC}") = "Zenject", "Zenject.csproj", "{8A322C3D-B85B-39CB-069E-5CF60C19F82E}"
EndProject
Project("{FAE04EC0-301F-11D3-BF4B-00C04F79EFBC}") = "UniRx", "UniRx.csproj", "{E3D3D07E-A8D0-17D9-1753-6A48AE15962D}"
EndProject
Project("{FAE04EC0-301F-11D3-BF4B-00C04F79EFBC}") = "Zenject-IntegrationTests", "Zenject-IntegrationTests.csproj", "{703D00C0-2810-ED09-5DAF-9D6A769066D4}"
EndProject
Project("{FAE04EC0-301F-11D3-BF4B-00C04F79EFBC}") = "Assembly-CSharp", "Assembly-CSharp.csproj", "{4D9C92C7-9122-6925-4EAF-4BE212FFBB35}"
EndProject
Project("{FAE04EC0-301F-11D3-BF4B-00C04F79EFBC}") = "Zenject-IntegrationTests-Editor", "Zenject-IntegrationTests-Editor.csproj", "{636A6086-F72E-7F70-BA1A-65CE764FB2D6}"
EndProject
Project("{FAE04EC0-301F-11D3-BF4B-00C04F79EFBC}") = "Assembly-CSharp-firstpass", "Assembly-CSharp-firstpass.csproj", "{5BC701FA-0F70-BEE7-E228-297F7C84D10C}"
EndProject
Project("{FAE04EC0-301F-11D3-BF4B-00C04F79EFBC}") = "UniRx.Examples", "UniRx.Examples.csproj", "{9920B754-A4B6-9FF7-985D-71F980D2D3C9}"
EndProject
Project("{FAE04EC0-301F-11D3-BF4B-00C04F79EFBC}") = "Sirenix.OdinInspector.CompatibilityLayer", "Sirenix.OdinInspector.CompatibilityLayer.csproj", "{C726C615-6FCF-4C9D-4586-D812AF783C9C}"
EndProject
Project("{FAE04EC0-301F-11D3-BF4B-00C04F79EFBC}") = "MoreMountains.Feedbacks", "MoreMountains.Feedbacks.csproj", "{3479FD29-9923-29A8-F35B-3F1D8F9E7425}"
EndProject
Project("{FAE04EC0-301F-11D3-BF4B-00C04F79EFBC}") = "MoreMountains.Feedbacks.PostProcessing", "MoreMountains.Feedbacks.PostProcessing.csproj", "{9B344DF8-ACCB-A34E-104E-9ED959CCD9C0}"
EndProject
Project("{FAE04EC0-301F-11D3-BF4B-00C04F79EFBC}") = "MoreMountains.Feedbacks.MMTools", "MoreMountains.Feedbacks.MMTools.csproj", "{5DDCB7D6-80F1-6669-6E98-922EFB2E424D}"
EndProject
Project("{FAE04EC0-301F-11D3-BF4B-00C04F79EFBC}") = "MoreMountains.Feedbacks.Cinemachine", "MoreMountains.Feedbacks.Cinemachine.csproj", "{DF4CF86E-31B7-964E-C319-A2A45494BE16}"
EndProject
Project("{FAE04EC0-301F-11D3-BF4B-00C04F79EFBC}") = "MoreMountains.Feedbacks.NiceVibrations", "MoreMountains.Feedbacks.NiceVibrations.csproj", "{9849D054-100D-312C-A79A-08A8FDE0BD80}"
EndProject
Project("{FAE04EC0-301F-11D3-BF4B-00C04F79EFBC}") = "MoreMountains.Tools", "MoreMountains.Tools.csproj", "{E6F9A8C2-DCF5-1E58-971F-763C484D4FEE}"
EndProject
Project("{FAE04EC0-301F-11D3-BF4B-00C04F79EFBC}") = "MoreMountains.Tools.Feedbacks", "MoreMountains.Tools.Feedbacks.csproj", "{B7B2104E-B100-95AA-DDD7-DF3AE6A4F3F3}"
EndProject
Project("{FAE04EC0-301F-11D3-BF4B-00C04F79EFBC}") = "MoreMountains.Tools.Cinemachine", "MoreMountains.Tools.Cinemachine.csproj", "{AF074661-123A-AFB6-AA0F-FE2BBE74A8D6}"
EndProject
Project("{FAE04EC0-301F-11D3-BF4B-00C04F79EFBC}") = "MoreMountains.NiceVibrations.Demos", "MoreMountains.NiceVibrations.Demos.csproj", "{BC083B22-C8C9-1D72-CEFB-2737AD607CA3}"
EndProject
Project("{FAE04EC0-301F-11D3-BF4B-00C04F79EFBC}") = "MoreMountains.NiceVibrations", "MoreMountains.NiceVibrations.csproj", "{374F25F3-8259-3685-72B5-91660EF08240}"
EndProject
Project("{FAE04EC0-301F-11D3-BF4B-00C04F79EFBC}") = "MoreMountains.NiceVibrations.Haptics", "MoreMountains.NiceVibrations.Haptics.csproj", "{ED335E79-5648-F5CF-DDC6-967A50FDEF94}"
EndProject
Project("{FAE04EC0-301F-11D3-BF4B-00C04F79EFBC}") = "BeauRoutine", "BeauRoutine.csproj", "{C935AD9F-CC04-F7CA-F9DC-2258B00ACE8A}"
EndProject
Project("{FAE04EC0-301F-11D3-BF4B-00C04F79EFBC}") = "Zenject-PoolMonitor-Editor", "Zenject-PoolMonitor-Editor.csproj", "{16FF6AD4-A164-4F91-F4B3-D3B544C20D35}"
EndProject
Project("{FAE04EC0-301F-11D3-BF4B-00C04F79EFBC}") = "Zenject-UnitTests-Editor", "Zenject-UnitTests-Editor.csproj", "{B9216AEA-DB57-7FD9-5562-85AC9ED2659E}"
EndProject
Project("{FAE04EC0-301F-11D3-BF4B-00C04F79EFBC}") = "Sirenix.OdinInspector.CompatibilityLayer.Editor", "Sirenix.OdinInspector.CompatibilityLayer.Editor.csproj", "{09A4B8DD-2E81-DF37-01EB-BF655A9650E5}"
EndProject
Project("{FAE04EC0-301F-11D3-BF4B-00C04F79EFBC}") = "Assembly-CSharp-Editor", "Assembly-CSharp-Editor.csproj", "{766C458A-5579-B54E-C6FE-8C5292FADCA6}"
EndProject
Project("{FAE04EC0-301F-11D3-BF4B-00C04F79EFBC}") = "Zenject-ReflectionBaking-Editor", "Zenject-ReflectionBaking-Editor.csproj", "{2ADE7F41-462C-CD14-F38D-9E59BAE710FE}"
EndProject
Project("{FAE04EC0-301F-11D3-BF4B-00C04F79EFBC}") = "Zenject-Editor", "Zenject-Editor.csproj", "{64E5A455-B2C7-2BBB-A83B-B1F8520CED5D}"
EndProject
Project("{FAE04EC0-301F-11D3-BF4B-00C04F79EFBC}") = "Zenject-TestFramework", "Zenject-TestFramework.csproj", "{F72659E0-8379-206C-491E-199FDD701E39}"
EndProject
Project("{FAE04EC0-301F-11D3-BF4B-00C04F79EFBC}") = "Sirenix.OdinInspector.Modules.UnityMathematics", "Sirenix.OdinInspector.Modules.UnityMathematics.csproj", "{CA309B35-C402-2ED7-8959-F226324FDF48}"
EndProject
Project("{FAE04EC0-301F-11D3-BF4B-00C04F79EFBC}") = "MoreMountains.Feedbacks.Editor", "MoreMountains.Feedbacks.Editor.csproj", "{D20CF43F-1D2A-2832-44A0-4144619A2C56}"
EndProject
Project("{FAE04EC0-301F-11D3-BF4B-00C04F79EFBC}") = "MoreMountains.Tools.Editor", "MoreMountains.Tools.Editor.csproj", "{A24F14E1-8FF8-98B0-62C8-574EE5161816}"
EndProject
Project("{FAE04EC0-301F-11D3-BF4B-00C04F79EFBC}") = "MoreMountains.Tools.Feedbacks.Editor", "MoreMountains.Tools.Feedbacks.Editor.csproj", "{386A5D09-4D76-AF40-96A1-9CB746CC71AC}"
EndProject
Project("{FAE04EC0-301F-11D3-BF4B-00C04F79EFBC}") = "MoreMountains.NiceVibrations.Editor", "MoreMountains.NiceVibrations.Editor.csproj", "{D40691B5-F530-85C0-8A51-150F233C4527}"
EndProject
Global
	GlobalSection(SolutionConfigurationPlatforms) = preSolution
		Debug|Any CPU = Debug|Any CPU
		Release|Any CPU = Release|Any CPU
	EndGlobalSection
	GlobalSection(ProjectConfigurationPlatforms) = postSolution
		{8A322C3D-B85B-39CB-069E-5CF60C19F82E}.Debug|Any CPU.ActiveCfg = Debug|Any CPU
		{8A322C3D-B85B-39CB-069E-5CF60C19F82E}.Debug|Any CPU.Build.0 = Debug|Any CPU
		{8A322C3D-B85B-39CB-069E-5CF60C19F82E}.Release|Any CPU.ActiveCfg = Release|Any CPU
		{8A322C3D-B85B-39CB-069E-5CF60C19F82E}.Release|Any CPU.Build.0 = Release|Any CPU
		{E3D3D07E-A8D0-17D9-1753-6A48AE15962D}.Debug|Any CPU.ActiveCfg = Debug|Any CPU
		{E3D3D07E-A8D0-17D9-1753-6A48AE15962D}.Debug|Any CPU.Build.0 = Debug|Any CPU
		{E3D3D07E-A8D0-17D9-1753-6A48AE15962D}.Release|Any CPU.ActiveCfg = Release|Any CPU
		{E3D3D07E-A8D0-17D9-1753-6A48AE15962D}.Release|Any CPU.Build.0 = Release|Any CPU
		{703D00C0-2810-ED09-5DAF-9D6A769066D4}.Debug|Any CPU.ActiveCfg = Debug|Any CPU
		{703D00C0-2810-ED09-5DAF-9D6A769066D4}.Debug|Any CPU.Build.0 = Debug|Any CPU
		{703D00C0-2810-ED09-5DAF-9D6A769066D4}.Release|Any CPU.ActiveCfg = Release|Any CPU
		{703D00C0-2810-ED09-5DAF-9D6A769066D4}.Release|Any CPU.Build.0 = Release|Any CPU
		{4D9C92C7-9122-6925-4EAF-4BE212FFBB35}.Debug|Any CPU.ActiveCfg = Debug|Any CPU
		{4D9C92C7-9122-6925-4EAF-4BE212FFBB35}.Debug|Any CPU.Build.0 = Debug|Any CPU
		{4D9C92C7-9122-6925-4EAF-4BE212FFBB35}.Release|Any CPU.ActiveCfg = Release|Any CPU
		{4D9C92C7-9122-6925-4EAF-4BE212FFBB35}.Release|Any CPU.Build.0 = Release|Any CPU
		{636A6086-F72E-7F70-BA1A-65CE764FB2D6}.Debug|Any CPU.ActiveCfg = Debug|Any CPU
		{636A6086-F72E-7F70-BA1A-65CE764FB2D6}.Debug|Any CPU.Build.0 = Debug|Any CPU
		{636A6086-F72E-7F70-BA1A-65CE764FB2D6}.Release|Any CPU.ActiveCfg = Release|Any CPU
		{636A6086-F72E-7F70-BA1A-65CE764FB2D6}.Release|Any CPU.Build.0 = Release|Any CPU
		{5BC701FA-0F70-BEE7-E228-297F7C84D10C}.Debug|Any CPU.ActiveCfg = Debug|Any CPU
		{5BC701FA-0F70-BEE7-E228-297F7C84D10C}.Debug|Any CPU.Build.0 = Debug|Any CPU
		{5BC701FA-0F70-BEE7-E228-297F7C84D10C}.Release|Any CPU.ActiveCfg = Release|Any CPU
		{5BC701FA-0F70-BEE7-E228-297F7C84D10C}.Release|Any CPU.Build.0 = Release|Any CPU
		{9920B754-A4B6-9FF7-985D-71F980D2D3C9}.Debug|Any CPU.ActiveCfg = Debug|Any CPU
		{9920B754-A4B6-9FF7-985D-71F980D2D3C9}.Debug|Any CPU.Build.0 = Debug|Any CPU
		{9920B754-A4B6-9FF7-985D-71F980D2D3C9}.Release|Any CPU.ActiveCfg = Release|Any CPU
		{9920B754-A4B6-9FF7-985D-71F980D2D3C9}.Release|Any CPU.Build.0 = Release|Any CPU
		{C726C615-6FCF-4C9D-4586-D812AF783C9C}.Debug|Any CPU.ActiveCfg = Debug|Any CPU
		{C726C615-6FCF-4C9D-4586-D812AF783C9C}.Debug|Any CPU.Build.0 = Debug|Any CPU
		{C726C615-6FCF-4C9D-4586-D812AF783C9C}.Release|Any CPU.ActiveCfg = Release|Any CPU
		{C726C615-6FCF-4C9D-4586-D812AF783C9C}.Release|Any CPU.Build.0 = Release|Any CPU
		{3479FD29-9923-29A8-F35B-3F1D8F9E7425}.Debug|Any CPU.ActiveCfg = Debug|Any CPU
		{3479FD29-9923-29A8-F35B-3F1D8F9E7425}.Debug|Any CPU.Build.0 = Debug|Any CPU
		{3479FD29-9923-29A8-F35B-3F1D8F9E7425}.Release|Any CPU.ActiveCfg = Release|Any CPU
		{3479FD29-9923-29A8-F35B-3F1D8F9E7425}.Release|Any CPU.Build.0 = Release|Any CPU
		{9B344DF8-ACCB-A34E-104E-9ED959CCD9C0}.Debug|Any CPU.ActiveCfg = Debug|Any CPU
		{9B344DF8-ACCB-A34E-104E-9ED959CCD9C0}.Debug|Any CPU.Build.0 = Debug|Any CPU
		{9B344DF8-ACCB-A34E-104E-9ED959CCD9C0}.Release|Any CPU.ActiveCfg = Release|Any CPU
		{9B344DF8-ACCB-A34E-104E-9ED959CCD9C0}.Release|Any CPU.Build.0 = Release|Any CPU
		{5DDCB7D6-80F1-6669-6E98-922EFB2E424D}.Debug|Any CPU.ActiveCfg = Debug|Any CPU
		{5DDCB7D6-80F1-6669-6E98-922EFB2E424D}.Debug|Any CPU.Build.0 = Debug|Any CPU
		{5DDCB7D6-80F1-6669-6E98-922EFB2E424D}.Release|Any CPU.ActiveCfg = Release|Any CPU
		{5DDCB7D6-80F1-6669-6E98-922EFB2E424D}.Release|Any CPU.Build.0 = Release|Any CPU
		{DF4CF86E-31B7-964E-C319-A2A45494BE16}.Debug|Any CPU.ActiveCfg = Debug|Any CPU
		{DF4CF86E-31B7-964E-C319-A2A45494BE16}.Debug|Any CPU.Build.0 = Debug|Any CPU
		{DF4CF86E-31B7-964E-C319-A2A45494BE16}.Release|Any CPU.ActiveCfg = Release|Any CPU
		{DF4CF86E-31B7-964E-C319-A2A45494BE16}.Release|Any CPU.Build.0 = Release|Any CPU
		{9849D054-100D-312C-A79A-08A8FDE0BD80}.Debug|Any CPU.ActiveCfg = Debug|Any CPU
		{9849D054-100D-312C-A79A-08A8FDE0BD80}.Debug|Any CPU.Build.0 = Debug|Any CPU
		{9849D054-100D-312C-A79A-08A8FDE0BD80}.Release|Any CPU.ActiveCfg = Release|Any CPU
		{9849D054-100D-312C-A79A-08A8FDE0BD80}.Release|Any CPU.Build.0 = Release|Any CPU
		{E6F9A8C2-DCF5-1E58-971F-763C484D4FEE}.Debug|Any CPU.ActiveCfg = Debug|Any CPU
		{E6F9A8C2-DCF5-1E58-971F-763C484D4FEE}.Debug|Any CPU.Build.0 = Debug|Any CPU
		{E6F9A8C2-DCF5-1E58-971F-763C484D4FEE}.Release|Any CPU.ActiveCfg = Release|Any CPU
		{E6F9A8C2-DCF5-1E58-971F-763C484D4FEE}.Release|Any CPU.Build.0 = Release|Any CPU
		{B7B2104E-B100-95AA-DDD7-DF3AE6A4F3F3}.Debug|Any CPU.ActiveCfg = Debug|Any CPU
		{B7B2104E-B100-95AA-DDD7-DF3AE6A4F3F3}.Debug|Any CPU.Build.0 = Debug|Any CPU
		{B7B2104E-B100-95AA-DDD7-DF3AE6A4F3F3}.Release|Any CPU.ActiveCfg = Release|Any CPU
		{B7B2104E-B100-95AA-DDD7-DF3AE6A4F3F3}.Release|Any CPU.Build.0 = Release|Any CPU
		{AF074661-123A-AFB6-AA0F-FE2BBE74A8D6}.Debug|Any CPU.ActiveCfg = Debug|Any CPU
		{AF074661-123A-AFB6-AA0F-FE2BBE74A8D6}.Debug|Any CPU.Build.0 = Debug|Any CPU
		{AF074661-123A-AFB6-AA0F-FE2BBE74A8D6}.Release|Any CPU.ActiveCfg = Release|Any CPU
		{AF074661-123A-AFB6-AA0F-FE2BBE74A8D6}.Release|Any CPU.Build.0 = Release|Any CPU
		{BC083B22-C8C9-1D72-CEFB-2737AD607CA3}.Debug|Any CPU.ActiveCfg = Debug|Any CPU
		{BC083B22-C8C9-1D72-CEFB-2737AD607CA3}.Debug|Any CPU.Build.0 = Debug|Any CPU
		{BC083B22-C8C9-1D72-CEFB-2737AD607CA3}.Release|Any CPU.ActiveCfg = Release|Any CPU
		{BC083B22-C8C9-1D72-CEFB-2737AD607CA3}.Release|Any CPU.Build.0 = Release|Any CPU
		{374F25F3-8259-3685-72B5-91660EF08240}.Debug|Any CPU.ActiveCfg = Debug|Any CPU
		{374F25F3-8259-3685-72B5-91660EF08240}.Debug|Any CPU.Build.0 = Debug|Any CPU
		{374F25F3-8259-3685-72B5-91660EF08240}.Release|Any CPU.ActiveCfg = Release|Any CPU
		{374F25F3-8259-3685-72B5-91660EF08240}.Release|Any CPU.Build.0 = Release|Any CPU
		{ED335E79-5648-F5CF-DDC6-967A50FDEF94}.Debug|Any CPU.ActiveCfg = Debug|Any CPU
		{ED335E79-5648-F5CF-DDC6-967A50FDEF94}.Debug|Any CPU.Build.0 = Debug|Any CPU
		{ED335E79-5648-F5CF-DDC6-967A50FDEF94}.Release|Any CPU.ActiveCfg = Release|Any CPU
		{ED335E79-5648-F5CF-DDC6-967A50FDEF94}.Release|Any CPU.Build.0 = Release|Any CPU
		{C935AD9F-CC04-F7CA-F9DC-2258B00ACE8A}.Debug|Any CPU.ActiveCfg = Debug|Any CPU
		{C935AD9F-CC04-F7CA-F9DC-2258B00ACE8A}.Debug|Any CPU.Build.0 = Debug|Any CPU
		{C935AD9F-CC04-F7CA-F9DC-2258B00ACE8A}.Release|Any CPU.ActiveCfg = Release|Any CPU
		{C935AD9F-CC04-F7CA-F9DC-2258B00ACE8A}.Release|Any CPU.Build.0 = Release|Any CPU
		{16FF6AD4-A164-4F91-F4B3-D3B544C20D35}.Debug|Any CPU.ActiveCfg = Debug|Any CPU
		{16FF6AD4-A164-4F91-F4B3-D3B544C20D35}.Debug|Any CPU.Build.0 = Debug|Any CPU
		{16FF6AD4-A164-4F91-F4B3-D3B544C20D35}.Release|Any CPU.ActiveCfg = Release|Any CPU
		{16FF6AD4-A164-4F91-F4B3-D3B544C20D35}.Release|Any CPU.Build.0 = Release|Any CPU
		{B9216AEA-DB57-7FD9-5562-85AC9ED2659E}.Debug|Any CPU.ActiveCfg = Debug|Any CPU
		{B9216AEA-DB57-7FD9-5562-85AC9ED2659E}.Debug|Any CPU.Build.0 = Debug|Any CPU
		{B9216AEA-DB57-7FD9-5562-85AC9ED2659E}.Release|Any CPU.ActiveCfg = Release|Any CPU
		{B9216AEA-DB57-7FD9-5562-85AC9ED2659E}.Release|Any CPU.Build.0 = Release|Any CPU
		{09A4B8DD-2E81-DF37-01EB-BF655A9650E5}.Debug|Any CPU.ActiveCfg = Debug|Any CPU
		{09A4B8DD-2E81-DF37-01EB-BF655A9650E5}.Debug|Any CPU.Build.0 = Debug|Any CPU
		{09A4B8DD-2E81-DF37-01EB-BF655A9650E5}.Release|Any CPU.ActiveCfg = Release|Any CPU
		{09A4B8DD-2E81-DF37-01EB-BF655A9650E5}.Release|Any CPU.Build.0 = Release|Any CPU
		{766C458A-5579-B54E-C6FE-8C5292FADCA6}.Debug|Any CPU.ActiveCfg = Debug|Any CPU
		{766C458A-5579-B54E-C6FE-8C5292FADCA6}.Debug|Any CPU.Build.0 = Debug|Any CPU
		{766C458A-5579-B54E-C6FE-8C5292FADCA6}.Release|Any CPU.ActiveCfg = Release|Any CPU
		{766C458A-5579-B54E-C6FE-8C5292FADCA6}.Release|Any CPU.Build.0 = Release|Any CPU
		{2ADE7F41-462C-CD14-F38D-9E59BAE710FE}.Debug|Any CPU.ActiveCfg = Debug|Any CPU
		{2ADE7F41-462C-CD14-F38D-9E59BAE710FE}.Debug|Any CPU.Build.0 = Debug|Any CPU
		{2ADE7F41-462C-CD14-F38D-9E59BAE710FE}.Release|Any CPU.ActiveCfg = Release|Any CPU
		{2ADE7F41-462C-CD14-F38D-9E59BAE710FE}.Release|Any CPU.Build.0 = Release|Any CPU
		{64E5A455-B2C7-2BBB-A83B-B1F8520CED5D}.Debug|Any CPU.ActiveCfg = Debug|Any CPU
		{64E5A455-B2C7-2BBB-A83B-B1F8520CED5D}.Debug|Any CPU.Build.0 = Debug|Any CPU
		{64E5A455-B2C7-2BBB-A83B-B1F8520CED5D}.Release|Any CPU.ActiveCfg = Release|Any CPU
		{64E5A455-B2C7-2BBB-A83B-B1F8520CED5D}.Release|Any CPU.Build.0 = Release|Any CPU
		{F72659E0-8379-206C-491E-199FDD701E39}.Debug|Any CPU.ActiveCfg = Debug|Any CPU
		{F72659E0-8379-206C-491E-199FDD701E39}.Debug|Any CPU.Build.0 = Debug|Any CPU
		{F72659E0-8379-206C-491E-199FDD701E39}.Release|Any CPU.ActiveCfg = Release|Any CPU
		{F72659E0-8379-206C-491E-199FDD701E39}.Release|Any CPU.Build.0 = Release|Any CPU
		{CA309B35-C402-2ED7-8959-F226324FDF48}.Debug|Any CPU.ActiveCfg = Debug|Any CPU
		{CA309B35-C402-2ED7-8959-F226324FDF48}.Debug|Any CPU.Build.0 = Debug|Any CPU
		{CA309B35-C402-2ED7-8959-F226324FDF48}.Release|Any CPU.ActiveCfg = Release|Any CPU
		{CA309B35-C402-2ED7-8959-F226324FDF48}.Release|Any CPU.Build.0 = Release|Any CPU
		{D20CF43F-1D2A-2832-44A0-4144619A2C56}.Debug|Any CPU.ActiveCfg = Debug|Any CPU
		{D20CF43F-1D2A-2832-44A0-4144619A2C56}.Debug|Any CPU.Build.0 = Debug|Any CPU
		{D20CF43F-1D2A-2832-44A0-4144619A2C56}.Release|Any CPU.ActiveCfg = Release|Any CPU
		{D20CF43F-1D2A-2832-44A0-4144619A2C56}.Release|Any CPU.Build.0 = Release|Any CPU
		{A24F14E1-8FF8-98B0-62C8-574EE5161816}.Debug|Any CPU.ActiveCfg = Debug|Any CPU
		{A24F14E1-8FF8-98B0-62C8-574EE5161816}.Debug|Any CPU.Build.0 = Debug|Any CPU
		{A24F14E1-8FF8-98B0-62C8-574EE5161816}.Release|Any CPU.ActiveCfg = Release|Any CPU
		{A24F14E1-8FF8-98B0-62C8-574EE5161816}.Release|Any CPU.Build.0 = Release|Any CPU
		{386A5D09-4D76-AF40-96A1-9CB746CC71AC}.Debug|Any CPU.ActiveCfg = Debug|Any CPU
		{386A5D09-4D76-AF40-96A1-9CB746CC71AC}.Debug|Any CPU.Build.0 = Debug|Any CPU
		{386A5D09-4D76-AF40-96A1-9CB746CC71AC}.Release|Any CPU.ActiveCfg = Release|Any CPU
		{386A5D09-4D76-AF40-96A1-9CB746CC71AC}.Release|Any CPU.Build.0 = Release|Any CPU
		{D40691B5-F530-85C0-8A51-150F233C4527}.Debug|Any CPU.ActiveCfg = Debug|Any CPU
		{D40691B5-F530-85C0-8A51-150F233C4527}.Debug|Any CPU.Build.0 = Debug|Any CPU
		{D40691B5-F530-85C0-8A51-150F233C4527}.Release|Any CPU.ActiveCfg = Release|Any CPU
		{D40691B5-F530-85C0-8A51-150F233C4527}.Release|Any CPU.Build.0 = Release|Any CPU
	EndGlobalSection
	GlobalSection(SolutionProperties) = preSolution
		HideSolutionNode = FALSE
	EndGlobalSection
EndGlobal
